
Microsoft Visual Studio Solution File, Format Version 12.00
# Visual Studio Version 17
VisualStudioVersion = 17.3.32901.215
MinimumVisualStudioVersion = 10.0.40219.1
Project("{FAE04EC0-301F-11D3-BF4B-00C04F79EFBC}") = "ejemplo-web", "ejemplos-nivel-3\ejemplo-web.csproj", "{1C0FD19D-18D9-48AC-8D40-B18FD90D98C1}"
EndProject
Project("{FAE04EC0-301F-11D3-BF4B-00C04F79EFBC}") = "dominio", "dominio\dominio.csproj", "{D67D916C-ECE5-45D8-A6AB-0A7051DC37BF}"
EndProject
Global
	GlobalSection(SolutionConfigurationPlatforms) = preSolution
		Debug|Any CPU = Debug|Any CPU
		Release|Any CPU = Release|Any CPU
	EndGlobalSection
	GlobalSection(ProjectConfigurationPlatforms) = postSolution
		{1C0FD19D-18D9-48AC-8D40-B18FD90D98C1}.Debug|Any CPU.ActiveCfg = Debug|Any CPU
		{1C0FD19D-18D9-48AC-8D40-B18FD90D98C1}.Debug|Any CPU.Build.0 = Debug|Any CPU
		{1C0FD19D-18D9-48AC-8D40-B18FD90D98C1}.Release|Any CPU.ActiveCfg = Release|Any CPU
		{1C0FD19D-18D9-48AC-8D40-B18FD90D98C1}.Release|Any CPU.Build.0 = Release|Any CPU
		{D67D916C-ECE5-45D8-A6AB-0A7051DC37BF}.Debug|Any CPU.ActiveCfg = Debug|Any CPU
		{D67D916C-ECE5-45D8-A6AB-0A7051DC37BF}.Debug|Any CPU.Build.0 = Debug|Any CPU
		{D67D916C-ECE5-45D8-A6AB-0A7051DC37BF}.Release|Any CPU.ActiveCfg = Release|Any CPU
		{D67D916C-ECE5-45D8-A6AB-0A7051DC37BF}.Release|Any CPU.Build.0 = Release|Any CPU
	EndGlobalSection
	GlobalSection(SolutionProperties) = preSolution
		HideSolutionNode = FALSE
	EndGlobalSection
	GlobalSection(ExtensibilityGlobals) = postSolution
		SolutionGuid = {A5BF9BE6-F948-4EAE-86A8-3712B90FAFDF}
	EndGlobalSection
EndGlobal
